
Microsoft Visual Studio Solution File, Format Version 12.00
# Visual Studio Version 16
VisualStudioVersion = 16.0.30611.23
MinimumVisualStudioVersion = 10.0.40219.1
Project("{FAE04EC0-301F-11D3-BF4B-00C04F79EFBC}") = "pool2", "pool2.csproj", "{DFF574E2-BB7F-436D-A06B-DE8E6D1AAD79}"
EndProject
Global
	GlobalSection(SolutionConfigurationPlatforms) = preSolution
		Debug|Any CPU = Debug|Any CPU
		Release|Any CPU = Release|Any CPU
	EndGlobalSection
	GlobalSection(ProjectConfigurationPlatforms) = postSolution
		{DFF574E2-BB7F-436D-A06B-DE8E6D1AAD79}.Debug|Any CPU.ActiveCfg = Debug|Any CPU
		{DFF574E2-BB7F-436D-A06B-DE8E6D1AAD79}.Debug|Any CPU.Build.0 = Debug|Any CPU
		{DFF574E2-BB7F-436D-A06B-DE8E6D1AAD79}.Release|Any CPU.ActiveCfg = Release|Any CPU
		{DFF574E2-BB7F-436D-A06B-DE8E6D1AAD79}.Release|Any CPU.Build.0 = Release|Any CPU
	EndGlobalSection
	GlobalSection(SolutionProperties) = preSolution
		HideSolutionNode = FALSE
	EndGlobalSection
	GlobalSection(ExtensibilityGlobals) = postSolution
		SolutionGuid = {1001B63A-B020-4A04-B4FD-94DFAFF92C4C}
	EndGlobalSection
EndGlobal
